
Microsoft Visual Studio Solution File, Format Version 12.00
# Visual Studio Version 17
VisualStudioVersion = 17.9.34616.47
MinimumVisualStudioVersion = 10.0.40219.1
Project("{FAE04EC0-301F-11D3-BF4B-00C04F79EFBC}") = "ProjectA", "ProjectA\ProjectA.csproj", "{69347C83-B94E-49B6-B082-40B1A4CC21AB}"
EndProject
Global
	GlobalSection(SolutionConfigurationPlatforms) = preSolution
		Debug|Any CPU = Debug|Any CPU
		Release|Any CPU = Release|Any CPU
	EndGlobalSection
	GlobalSection(ProjectConfigurationPlatforms) = postSolution
		{69347C83-B94E-49B6-B082-40B1A4CC21AB}.Debug|Any CPU.ActiveCfg = Debug|Any CPU
		{69347C83-B94E-49B6-B082-40B1A4CC21AB}.Debug|Any CPU.Build.0 = Debug|Any CPU
		{69347C83-B94E-49B6-B082-40B1A4CC21AB}.Release|Any CPU.ActiveCfg = Release|Any CPU
		{69347C83-B94E-49B6-B082-40B1A4CC21AB}.Release|Any CPU.Build.0 = Release|Any CPU
	EndGlobalSection
	GlobalSection(SolutionProperties) = preSolution
		HideSolutionNode = FALSE
	EndGlobalSection
	GlobalSection(ExtensibilityGlobals) = postSolution
		SolutionGuid = {5B2D5827-3DD9-4550-A53F-7D09B2C3B9CF}
	EndGlobalSection
EndGlobal
